
Microsoft Visual Studio Solution File, Format Version 12.00
# Visual Studio Version 17
VisualStudioVersion = 17.1.32414.318
MinimumVisualStudioVersion = 10.0.40219.1
Project("{FAE04EC0-301F-11D3-BF4B-00C04F79EFBC}") = "HomeWork11", "HomeWork11\HomeWork11.csproj", "{92EDB40B-61AE-4798-8B8E-DAF1E2653AD6}"
EndProject
Global
	GlobalSection(SolutionConfigurationPlatforms) = preSolution
		Debug|Any CPU = Debug|Any CPU
		Release|Any CPU = Release|Any CPU
	EndGlobalSection
	GlobalSection(ProjectConfigurationPlatforms) = postSolution
		{92EDB40B-61AE-4798-8B8E-DAF1E2653AD6}.Debug|Any CPU.ActiveCfg = Debug|Any CPU
		{92EDB40B-61AE-4798-8B8E-DAF1E2653AD6}.Debug|Any CPU.Build.0 = Debug|Any CPU
		{92EDB40B-61AE-4798-8B8E-DAF1E2653AD6}.Release|Any CPU.ActiveCfg = Release|Any CPU
		{92EDB40B-61AE-4798-8B8E-DAF1E2653AD6}.Release|Any CPU.Build.0 = Release|Any CPU
	EndGlobalSection
	GlobalSection(SolutionProperties) = preSolution
		HideSolutionNode = FALSE
	EndGlobalSection
	GlobalSection(ExtensibilityGlobals) = postSolution
		SolutionGuid = {9AF7105A-FE61-49C2-B71C-1610C28399C7}
	EndGlobalSection
EndGlobal
